
Microsoft Visual Studio Solution File, Format Version 12.00
# Visual Studio Version 16
VisualStudioVersion = 16.0.32106.194
MinimumVisualStudioVersion = 10.0.40219.1
Project("{8BC9CEB8-8B4A-11D0-8D11-00A0C91BC942}") = "ChronoCrypto", "ChronoCrypto\ChronoCrypto.vcxproj", "{D5AD8544-14A6-4C36-AFCE-4C7196156E8E}"
EndProject
Global
	GlobalSection(SolutionConfigurationPlatforms) = preSolution
		Debug|x64 = Debug|x64
		Debug|x86 = Debug|x86
		Release|x64 = Release|x64
		Release|x86 = Release|x86
	EndGlobalSection
	GlobalSection(ProjectConfigurationPlatforms) = postSolution
		{D5AD8544-14A6-4C36-AFCE-4C7196156E8E}.Debug|x64.ActiveCfg = Debug|x64
		{D5AD8544-14A6-4C36-AFCE-4C7196156E8E}.Debug|x64.Build.0 = Debug|x64
		{D5AD8544-14A6-4C36-AFCE-4C7196156E8E}.Debug|x86.ActiveCfg = Debug|Win32
		{D5AD8544-14A6-4C36-AFCE-4C7196156E8E}.Debug|x86.Build.0 = Debug|Win32
		{D5AD8544-14A6-4C36-AFCE-4C7196156E8E}.Release|x64.ActiveCfg = Release|x64
		{D5AD8544-14A6-4C36-AFCE-4C7196156E8E}.Release|x64.Build.0 = Release|x64
		{D5AD8544-14A6-4C36-AFCE-4C7196156E8E}.Release|x86.ActiveCfg = Release|Win32
		{D5AD8544-14A6-4C36-AFCE-4C7196156E8E}.Release|x86.Build.0 = Release|Win32
	EndGlobalSection
	GlobalSection(SolutionProperties) = preSolution
		HideSolutionNode = FALSE
	EndGlobalSection
	GlobalSection(ExtensibilityGlobals) = postSolution
		SolutionGuid = {AAEE0582-55DE-4AC1-A90D-F44F94FB5AAC}
	EndGlobalSection
EndGlobal
